
Microsoft Visual Studio Solution File, Format Version 12.00
# Visual Studio Version 17
VisualStudioVersion = 17.9.34607.119
MinimumVisualStudioVersion = 10.0.40219.1
Project("{FAE04EC0-301F-11D3-BF4B-00C04F79EFBC}") = "jetquickie", "jetquickie\jetquickie.csproj", "{518CA722-7352-4039-BA6A-BEE47F7D709D}"
EndProject
Global
	GlobalSection(SolutionConfigurationPlatforms) = preSolution
		Debug|Any CPU = Debug|Any CPU
		Release|Any CPU = Release|Any CPU
	EndGlobalSection
	GlobalSection(ProjectConfigurationPlatforms) = postSolution
		{518CA722-7352-4039-BA6A-BEE47F7D709D}.Debug|Any CPU.ActiveCfg = Debug|Any CPU
		{518CA722-7352-4039-BA6A-BEE47F7D709D}.Debug|Any CPU.Build.0 = Debug|Any CPU
		{518CA722-7352-4039-BA6A-BEE47F7D709D}.Release|Any CPU.ActiveCfg = Release|Any CPU
		{518CA722-7352-4039-BA6A-BEE47F7D709D}.Release|Any CPU.Build.0 = Release|Any CPU
	EndGlobalSection
	GlobalSection(SolutionProperties) = preSolution
		HideSolutionNode = FALSE
	EndGlobalSection
	GlobalSection(ExtensibilityGlobals) = postSolution
		SolutionGuid = {FD64CE8E-5C81-4CC7-B055-E90806888910}
	EndGlobalSection
EndGlobal
